
Microsoft Visual Studio Solution File, Format Version 12.00
# Visual Studio 15
VisualStudioVersion = 15.0.27703.2047
MinimumVisualStudioVersion = 10.0.40219.1
Project("{FAE04EC0-301F-11D3-BF4B-00C04F79EFBC}") = "MyRTSGame", "MyRTSGame\MyRTSGame.csproj", "{24C9EAD6-3012-415E-9B53-2FFD2EADB34C}"
EndProject
Global
	GlobalSection(SolutionConfigurationPlatforms) = preSolution
		Debug|Any CPU = Debug|Any CPU
		Release|Any CPU = Release|Any CPU
	EndGlobalSection
	GlobalSection(ProjectConfigurationPlatforms) = postSolution
		{24C9EAD6-3012-415E-9B53-2FFD2EADB34C}.Debug|Any CPU.ActiveCfg = Debug|Any CPU
		{24C9EAD6-3012-415E-9B53-2FFD2EADB34C}.Debug|Any CPU.Build.0 = Debug|Any CPU
		{24C9EAD6-3012-415E-9B53-2FFD2EADB34C}.Release|Any CPU.ActiveCfg = Release|Any CPU
		{24C9EAD6-3012-415E-9B53-2FFD2EADB34C}.Release|Any CPU.Build.0 = Release|Any CPU
	EndGlobalSection
	GlobalSection(SolutionProperties) = preSolution
		HideSolutionNode = FALSE
	EndGlobalSection
	GlobalSection(ExtensibilityGlobals) = postSolution
		SolutionGuid = {365333F3-FD0D-4C5F-9EBC-38DAB2E34AD6}
	EndGlobalSection
EndGlobal
